
Microsoft Visual Studio Solution File, Format Version 12.00
# Visual Studio Version 17
VisualStudioVersion = 17.10.35122.118
MinimumVisualStudioVersion = 10.0.40219.1
Project("{8BC9CEB8-8B4A-11D0-8D11-00A0C91BC942}") = "Task0", "Task1.vcxproj", "{CBCBEE6A-A3BC-4A06-9C2E-0C2165EC8321}"
EndProject
Project("{8BC9CEB8-8B4A-11D0-8D11-00A0C91BC942}") = "Task1", "..\Task2\Task2.vcxproj", "{3FA2AD64-CFBF-45F9-8EFA-0B3C29EE6EE4}"
EndProject
Project("{8BC9CEB8-8B4A-11D0-8D11-00A0C91BC942}") = "Task2", "..\Task3\Task3.vcxproj", "{E713E085-5DB1-4779-84D1-A921CBAA48F3}"
EndProject
Project("{8BC9CEB8-8B4A-11D0-8D11-00A0C91BC942}") = "Task3", "..\Task4\Task4.vcxproj", "{C3168676-07A6-48C7-9D8E-2D1A69C8A4FC}"
EndProject
Global
	GlobalSection(SolutionConfigurationPlatforms) = preSolution
		Debug|x64 = Debug|x64
		Debug|x86 = Debug|x86
		Release|x64 = Release|x64
		Release|x86 = Release|x86
	EndGlobalSection
	GlobalSection(ProjectConfigurationPlatforms) = postSolution
		{CBCBEE6A-A3BC-4A06-9C2E-0C2165EC8321}.Debug|x64.ActiveCfg = Debug|x64
		{CBCBEE6A-A3BC-4A06-9C2E-0C2165EC8321}.Debug|x64.Build.0 = Debug|x64
		{CBCBEE6A-A3BC-4A06-9C2E-0C2165EC8321}.Debug|x86.ActiveCfg = Debug|Win32
		{CBCBEE6A-A3BC-4A06-9C2E-0C2165EC8321}.Debug|x86.Build.0 = Debug|Win32
		{CBCBEE6A-A3BC-4A06-9C2E-0C2165EC8321}.Release|x64.ActiveCfg = Release|x64
		{CBCBEE6A-A3BC-4A06-9C2E-0C2165EC8321}.Release|x64.Build.0 = Release|x64
		{CBCBEE6A-A3BC-4A06-9C2E-0C2165EC8321}.Release|x86.ActiveCfg = Release|Win32
		{CBCBEE6A-A3BC-4A06-9C2E-0C2165EC8321}.Release|x86.Build.0 = Release|Win32
		{3FA2AD64-CFBF-45F9-8EFA-0B3C29EE6EE4}.Debug|x64.ActiveCfg = Debug|x64
		{3FA2AD64-CFBF-45F9-8EFA-0B3C29EE6EE4}.Debug|x64.Build.0 = Debug|x64
		{3FA2AD64-CFBF-45F9-8EFA-0B3C29EE6EE4}.Debug|x86.ActiveCfg = Debug|Win32
		{3FA2AD64-CFBF-45F9-8EFA-0B3C29EE6EE4}.Debug|x86.Build.0 = Debug|Win32
		{3FA2AD64-CFBF-45F9-8EFA-0B3C29EE6EE4}.Release|x64.ActiveCfg = Release|x64
		{3FA2AD64-CFBF-45F9-8EFA-0B3C29EE6EE4}.Release|x64.Build.0 = Release|x64
		{3FA2AD64-CFBF-45F9-8EFA-0B3C29EE6EE4}.Release|x86.ActiveCfg = Release|Win32
		{3FA2AD64-CFBF-45F9-8EFA-0B3C29EE6EE4}.Release|x86.Build.0 = Release|Win32
		{E713E085-5DB1-4779-84D1-A921CBAA48F3}.Debug|x64.ActiveCfg = Debug|x64
		{E713E085-5DB1-4779-84D1-A921CBAA48F3}.Debug|x64.Build.0 = Debug|x64
		{E713E085-5DB1-4779-84D1-A921CBAA48F3}.Debug|x86.ActiveCfg = Debug|Win32
		{E713E085-5DB1-4779-84D1-A921CBAA48F3}.Debug|x86.Build.0 = Debug|Win32
		{E713E085-5DB1-4779-84D1-A921CBAA48F3}.Release|x64.ActiveCfg = Release|x64
		{E713E085-5DB1-4779-84D1-A921CBAA48F3}.Release|x64.Build.0 = Release|x64
		{E713E085-5DB1-4779-84D1-A921CBAA48F3}.Release|x86.ActiveCfg = Release|Win32
		{E713E085-5DB1-4779-84D1-A921CBAA48F3}.Release|x86.Build.0 = Release|Win32
		{C3168676-07A6-48C7-9D8E-2D1A69C8A4FC}.Debug|x64.ActiveCfg = Debug|x64
		{C3168676-07A6-48C7-9D8E-2D1A69C8A4FC}.Debug|x64.Build.0 = Debug|x64
		{C3168676-07A6-48C7-9D8E-2D1A69C8A4FC}.Debug|x86.ActiveCfg = Debug|Win32
		{C3168676-07A6-48C7-9D8E-2D1A69C8A4FC}.Debug|x86.Build.0 = Debug|Win32
		{C3168676-07A6-48C7-9D8E-2D1A69C8A4FC}.Release|x64.ActiveCfg = Release|x64
		{C3168676-07A6-48C7-9D8E-2D1A69C8A4FC}.Release|x64.Build.0 = Release|x64
		{C3168676-07A6-48C7-9D8E-2D1A69C8A4FC}.Release|x86.ActiveCfg = Release|Win32
		{C3168676-07A6-48C7-9D8E-2D1A69C8A4FC}.Release|x86.Build.0 = Release|Win32
	EndGlobalSection
	GlobalSection(SolutionProperties) = preSolution
		HideSolutionNode = FALSE
	EndGlobalSection
	GlobalSection(ExtensibilityGlobals) = postSolution
		SolutionGuid = {9085C5FC-114A-4F10-AA86-8115C411C231}
	EndGlobalSection
EndGlobal
