
Microsoft Visual Studio Solution File, Format Version 12.00
# Visual Studio Version 17
VisualStudioVersion = 17.10.35122.118
MinimumVisualStudioVersion = 10.0.40219.1
Project("{8BC9CEB8-8B4A-11D0-8D11-00A0C91BC942}") = "Task1", "Task1.vcxproj", "{0BA6D3B9-891C-4C5C-89AB-87CA561C86B5}"
EndProject
Project("{8BC9CEB8-8B4A-11D0-8D11-00A0C91BC942}") = "Task2", "..\Task2\Task2.vcxproj", "{F3126506-78F0-41CC-8562-3496442DB321}"
EndProject
Project("{8BC9CEB8-8B4A-11D0-8D11-00A0C91BC942}") = "Test", "..\Test\Test.vcxproj", "{B248DFBA-FAFC-43C1-9914-04FB2DD0103B}"
EndProject
Project("{8BC9CEB8-8B4A-11D0-8D11-00A0C91BC942}") = "Task3", "..\Task3\Task3.vcxproj", "{FC06201D-E94C-48AD-A41F-90EFA673A232}"
EndProject
Global
	GlobalSection(SolutionConfigurationPlatforms) = preSolution
		Debug|x64 = Debug|x64
		Debug|x86 = Debug|x86
		Release|x64 = Release|x64
		Release|x86 = Release|x86
	EndGlobalSection
	GlobalSection(ProjectConfigurationPlatforms) = postSolution
		{0BA6D3B9-891C-4C5C-89AB-87CA561C86B5}.Debug|x64.ActiveCfg = Debug|x64
		{0BA6D3B9-891C-4C5C-89AB-87CA561C86B5}.Debug|x64.Build.0 = Debug|x64
		{0BA6D3B9-891C-4C5C-89AB-87CA561C86B5}.Debug|x86.ActiveCfg = Debug|Win32
		{0BA6D3B9-891C-4C5C-89AB-87CA561C86B5}.Debug|x86.Build.0 = Debug|Win32
		{0BA6D3B9-891C-4C5C-89AB-87CA561C86B5}.Release|x64.ActiveCfg = Release|x64
		{0BA6D3B9-891C-4C5C-89AB-87CA561C86B5}.Release|x64.Build.0 = Release|x64
		{0BA6D3B9-891C-4C5C-89AB-87CA561C86B5}.Release|x86.ActiveCfg = Release|Win32
		{0BA6D3B9-891C-4C5C-89AB-87CA561C86B5}.Release|x86.Build.0 = Release|Win32
		{F3126506-78F0-41CC-8562-3496442DB321}.Debug|x64.ActiveCfg = Debug|x64
		{F3126506-78F0-41CC-8562-3496442DB321}.Debug|x64.Build.0 = Debug|x64
		{F3126506-78F0-41CC-8562-3496442DB321}.Debug|x86.ActiveCfg = Debug|Win32
		{F3126506-78F0-41CC-8562-3496442DB321}.Debug|x86.Build.0 = Debug|Win32
		{F3126506-78F0-41CC-8562-3496442DB321}.Release|x64.ActiveCfg = Release|x64
		{F3126506-78F0-41CC-8562-3496442DB321}.Release|x64.Build.0 = Release|x64
		{F3126506-78F0-41CC-8562-3496442DB321}.Release|x86.ActiveCfg = Release|Win32
		{F3126506-78F0-41CC-8562-3496442DB321}.Release|x86.Build.0 = Release|Win32
		{B248DFBA-FAFC-43C1-9914-04FB2DD0103B}.Debug|x64.ActiveCfg = Debug|x64
		{B248DFBA-FAFC-43C1-9914-04FB2DD0103B}.Debug|x64.Build.0 = Debug|x64
		{B248DFBA-FAFC-43C1-9914-04FB2DD0103B}.Debug|x86.ActiveCfg = Debug|Win32
		{B248DFBA-FAFC-43C1-9914-04FB2DD0103B}.Debug|x86.Build.0 = Debug|Win32
		{B248DFBA-FAFC-43C1-9914-04FB2DD0103B}.Release|x64.ActiveCfg = Release|x64
		{B248DFBA-FAFC-43C1-9914-04FB2DD0103B}.Release|x64.Build.0 = Release|x64
		{B248DFBA-FAFC-43C1-9914-04FB2DD0103B}.Release|x86.ActiveCfg = Release|Win32
		{B248DFBA-FAFC-43C1-9914-04FB2DD0103B}.Release|x86.Build.0 = Release|Win32
		{FC06201D-E94C-48AD-A41F-90EFA673A232}.Debug|x64.ActiveCfg = Debug|x64
		{FC06201D-E94C-48AD-A41F-90EFA673A232}.Debug|x64.Build.0 = Debug|x64
		{FC06201D-E94C-48AD-A41F-90EFA673A232}.Debug|x86.ActiveCfg = Debug|Win32
		{FC06201D-E94C-48AD-A41F-90EFA673A232}.Debug|x86.Build.0 = Debug|Win32
		{FC06201D-E94C-48AD-A41F-90EFA673A232}.Release|x64.ActiveCfg = Release|x64
		{FC06201D-E94C-48AD-A41F-90EFA673A232}.Release|x64.Build.0 = Release|x64
		{FC06201D-E94C-48AD-A41F-90EFA673A232}.Release|x86.ActiveCfg = Release|Win32
		{FC06201D-E94C-48AD-A41F-90EFA673A232}.Release|x86.Build.0 = Release|Win32
	EndGlobalSection
	GlobalSection(SolutionProperties) = preSolution
		HideSolutionNode = FALSE
	EndGlobalSection
	GlobalSection(ExtensibilityGlobals) = postSolution
		SolutionGuid = {1EEE2DA5-1226-47B1-81A9-B92CD5628F53}
	EndGlobalSection
EndGlobal
